
Microsoft Visual Studio Solution File, Format Version 12.00
# Visual Studio Version 16
VisualStudioVersion = 16.0.32106.194
MinimumVisualStudioVersion = 10.0.40219.1
Project("{FAE04EC0-301F-11D3-BF4B-00C04F79EFBC}") = "BasketballInfo.Domain", "BasketballInfo.Domain\BasketballInfo.Domain.csproj", "{289C8BAE-AFCD-404C-B19E-2BDD5A268EDE}"
EndProject
Project("{FAE04EC0-301F-11D3-BF4B-00C04F79EFBC}") = "BasketballInfo.Application", "BasketballInfo.Application\BasketballInfo.Application.csproj", "{8D55E9B1-E538-4FEB-AEEC-263FFB078B2D}"
EndProject
Project("{FAE04EC0-301F-11D3-BF4B-00C04F79EFBC}") = "BasketballInfo.Infrastructure", "BasketballInfo.Infrastructure\BasketballInfo.Infrastructure.csproj", "{2DC33BC4-07E2-403F-BBB8-C6D80B9FCBCE}"
EndProject
Project("{FAE04EC0-301F-11D3-BF4B-00C04F79EFBC}") = "BasketballInfo.Tests", "BasketballInfo.Tests\BasketballInfo.Tests.csproj", "{249EE350-D0AC-4CFB-BCAA-284E5A8FA251}"
EndProject
Project("{FAE04EC0-301F-11D3-BF4B-00C04F79EFBC}") = "BasketballInfo.API", "BasketballInfo.API\BasketballInfo.API.csproj", "{44925A0D-99D3-427E-B9BC-4B4F0C0CF7FA}"
EndProject
Global
	GlobalSection(SolutionConfigurationPlatforms) = preSolution
		Debug|Any CPU = Debug|Any CPU
		Release|Any CPU = Release|Any CPU
	EndGlobalSection
	GlobalSection(ProjectConfigurationPlatforms) = postSolution
		{289C8BAE-AFCD-404C-B19E-2BDD5A268EDE}.Debug|Any CPU.ActiveCfg = Debug|Any CPU
		{289C8BAE-AFCD-404C-B19E-2BDD5A268EDE}.Debug|Any CPU.Build.0 = Debug|Any CPU
		{289C8BAE-AFCD-404C-B19E-2BDD5A268EDE}.Release|Any CPU.ActiveCfg = Release|Any CPU
		{289C8BAE-AFCD-404C-B19E-2BDD5A268EDE}.Release|Any CPU.Build.0 = Release|Any CPU
		{8D55E9B1-E538-4FEB-AEEC-263FFB078B2D}.Debug|Any CPU.ActiveCfg = Debug|Any CPU
		{8D55E9B1-E538-4FEB-AEEC-263FFB078B2D}.Debug|Any CPU.Build.0 = Debug|Any CPU
		{8D55E9B1-E538-4FEB-AEEC-263FFB078B2D}.Release|Any CPU.ActiveCfg = Release|Any CPU
		{8D55E9B1-E538-4FEB-AEEC-263FFB078B2D}.Release|Any CPU.Build.0 = Release|Any CPU
		{2DC33BC4-07E2-403F-BBB8-C6D80B9FCBCE}.Debug|Any CPU.ActiveCfg = Debug|Any CPU
		{2DC33BC4-07E2-403F-BBB8-C6D80B9FCBCE}.Debug|Any CPU.Build.0 = Debug|Any CPU
		{2DC33BC4-07E2-403F-BBB8-C6D80B9FCBCE}.Release|Any CPU.ActiveCfg = Release|Any CPU
		{2DC33BC4-07E2-403F-BBB8-C6D80B9FCBCE}.Release|Any CPU.Build.0 = Release|Any CPU
		{249EE350-D0AC-4CFB-BCAA-284E5A8FA251}.Debug|Any CPU.ActiveCfg = Debug|Any CPU
		{249EE350-D0AC-4CFB-BCAA-284E5A8FA251}.Debug|Any CPU.Build.0 = Debug|Any CPU
		{249EE350-D0AC-4CFB-BCAA-284E5A8FA251}.Release|Any CPU.ActiveCfg = Release|Any CPU
		{249EE350-D0AC-4CFB-BCAA-284E5A8FA251}.Release|Any CPU.Build.0 = Release|Any CPU
		{44925A0D-99D3-427E-B9BC-4B4F0C0CF7FA}.Debug|Any CPU.ActiveCfg = Debug|Any CPU
		{44925A0D-99D3-427E-B9BC-4B4F0C0CF7FA}.Debug|Any CPU.Build.0 = Debug|Any CPU
		{44925A0D-99D3-427E-B9BC-4B4F0C0CF7FA}.Release|Any CPU.ActiveCfg = Release|Any CPU
		{44925A0D-99D3-427E-B9BC-4B4F0C0CF7FA}.Release|Any CPU.Build.0 = Release|Any CPU
	EndGlobalSection
	GlobalSection(SolutionProperties) = preSolution
		HideSolutionNode = FALSE
	EndGlobalSection
	GlobalSection(ExtensibilityGlobals) = postSolution
		SolutionGuid = {BF1ED611-D35C-42ED-AD73-45A848448AD1}
	EndGlobalSection
EndGlobal
